
Microsoft Visual Studio Solution File, Format Version 12.00
# Visual Studio Version 17
VisualStudioVersion = 17.8.34330.188
MinimumVisualStudioVersion = 10.0.40219.1
Project("{FAE04EC0-301F-11D3-BF4B-00C04F79EFBC}") = "Cars", "Cars\Cars.csproj", "{087FA0DF-28A3-4BCF-8E5C-63FA93B50409}"
EndProject
Global
	GlobalSection(SolutionConfigurationPlatforms) = preSolution
		Debug|Any CPU = Debug|Any CPU
		Release|Any CPU = Release|Any CPU
	EndGlobalSection
	GlobalSection(ProjectConfigurationPlatforms) = postSolution
		{087FA0DF-28A3-4BCF-8E5C-63FA93B50409}.Debug|Any CPU.ActiveCfg = Debug|Any CPU
		{087FA0DF-28A3-4BCF-8E5C-63FA93B50409}.Debug|Any CPU.Build.0 = Debug|Any CPU
		{087FA0DF-28A3-4BCF-8E5C-63FA93B50409}.Release|Any CPU.ActiveCfg = Release|Any CPU
		{087FA0DF-28A3-4BCF-8E5C-63FA93B50409}.Release|Any CPU.Build.0 = Release|Any CPU
	EndGlobalSection
	GlobalSection(SolutionProperties) = preSolution
		HideSolutionNode = FALSE
	EndGlobalSection
	GlobalSection(ExtensibilityGlobals) = postSolution
		SolutionGuid = {F788BAB6-56B4-4061-9461-064589389457}
	EndGlobalSection
EndGlobal
